
Microsoft Visual Studio Solution File, Format Version 12.00
# Visual Studio Version 17
VisualStudioVersion = 17.5.33530.505
MinimumVisualStudioVersion = 10.0.40219.1
Project("{FAE04EC0-301F-11D3-BF4B-00C04F79EFBC}") = "AppIngles.Android", "AppIngles\AppIngles.Android\AppIngles.Android.csproj", "{90E6399D-EF04-49D4-AF8A-82DE575B8AB3}"
EndProject
Project("{FAE04EC0-301F-11D3-BF4B-00C04F79EFBC}") = "AppIngles", "AppIngles\AppIngles\AppIngles.csproj", "{D154300E-87BD-49E4-B784-F64AB9BBE6A1}"
EndProject
Global
	GlobalSection(SolutionConfigurationPlatforms) = preSolution
		Debug|Any CPU = Debug|Any CPU
		Release|Any CPU = Release|Any CPU
	EndGlobalSection
	GlobalSection(ProjectConfigurationPlatforms) = postSolution
		{90E6399D-EF04-49D4-AF8A-82DE575B8AB3}.Debug|Any CPU.ActiveCfg = Debug|Any CPU
		{90E6399D-EF04-49D4-AF8A-82DE575B8AB3}.Debug|Any CPU.Build.0 = Debug|Any CPU
		{90E6399D-EF04-49D4-AF8A-82DE575B8AB3}.Debug|Any CPU.Deploy.0 = Debug|Any CPU
		{90E6399D-EF04-49D4-AF8A-82DE575B8AB3}.Release|Any CPU.ActiveCfg = Release|Any CPU
		{90E6399D-EF04-49D4-AF8A-82DE575B8AB3}.Release|Any CPU.Build.0 = Release|Any CPU
		{90E6399D-EF04-49D4-AF8A-82DE575B8AB3}.Release|Any CPU.Deploy.0 = Release|Any CPU
		{D154300E-87BD-49E4-B784-F64AB9BBE6A1}.Debug|Any CPU.ActiveCfg = Debug|Any CPU
		{D154300E-87BD-49E4-B784-F64AB9BBE6A1}.Debug|Any CPU.Build.0 = Debug|Any CPU
		{D154300E-87BD-49E4-B784-F64AB9BBE6A1}.Debug|Any CPU.Deploy.0 = Debug|Any CPU
		{D154300E-87BD-49E4-B784-F64AB9BBE6A1}.Release|Any CPU.ActiveCfg = Release|Any CPU
		{D154300E-87BD-49E4-B784-F64AB9BBE6A1}.Release|Any CPU.Build.0 = Release|Any CPU
		{D154300E-87BD-49E4-B784-F64AB9BBE6A1}.Release|Any CPU.Deploy.0 = Release|Any CPU
	EndGlobalSection
	GlobalSection(SolutionProperties) = preSolution
		HideSolutionNode = FALSE
	EndGlobalSection
	GlobalSection(ExtensibilityGlobals) = postSolution
		SolutionGuid = {5A2874C6-D9DB-465A-B1BB-1B1FCB607E18}
	EndGlobalSection
EndGlobal
